
Microsoft Visual Studio Solution File, Format Version 12.00
# Visual Studio Version 16
VisualStudioVersion = 16.0.31005.135
MinimumVisualStudioVersion = 10.0.40219.1
Project("{9A19103F-16F7-4668-BE54-9A1E7A4F7556}") = "HW.03.Calculator", "HW.03.Calculator\HW.03.Calculator.csproj", "{31B638E8-2614-46F0-A791-C0CB9ABADCF1}"
EndProject
Project("{9A19103F-16F7-4668-BE54-9A1E7A4F7556}") = "HW.03.Calculator.Static", "HW.03.Calculator.Static\HW.03.Calculator.Static.csproj", "{750D0062-7B48-41CA-9AB1-BCD62C8B6EF5}"
EndProject
Project("{9A19103F-16F7-4668-BE54-9A1E7A4F7556}") = "HW.03.Birthday", "HW.03.Birthday\HW.03.Birthday.csproj", "{B7886A7A-1C05-47BA-8E99-3991BCBE1AC8}"
EndProject
Project("{2150E333-8FDC-42A3-9474-1A3956D46DE8}") = "HW.03", "HW.03", "{985ADA9E-6106-4D22-965D-93F3244A6A72}"
EndProject
Project("{2150E333-8FDC-42A3-9474-1A3956D46DE8}") = "HW.04", "HW.04", "{F14EE373-CD27-448B-B920-8612FB463BA0}"
EndProject
Project("{9A19103F-16F7-4668-BE54-9A1E7A4F7556}") = "HW.04.Task1", "HW.04.Task1\HW.04.Task1.csproj", "{2451E4F3-F666-4A2B-B355-FE0187E10AC5}"
EndProject
Project("{9A19103F-16F7-4668-BE54-9A1E7A4F7556}") = "HW.04.Task2", "HW.04.Task2\HW.04.Task2.csproj", "{89086F76-7E34-48CD-829A-DE83CCF18DB7}"
EndProject
Project("{9A19103F-16F7-4668-BE54-9A1E7A4F7556}") = "HW.04.Task3", "HW.04.Task3\HW.04.Task3.csproj", "{32B171C0-ED67-4F6E-AD81-54F7828DA927}"
EndProject
Project("{9A19103F-16F7-4668-BE54-9A1E7A4F7556}") = "HW.04.Task4", "HW.04.Task4\HW.04.Task4.csproj", "{2D6CF895-D440-4DBB-8324-F7B37A866721}"
EndProject
Project("{9A19103F-16F7-4668-BE54-9A1E7A4F7556}") = "HW.04.Task5", "HW.04.Task5\HW.04.Task5.csproj", "{2DF4224C-B2FA-4537-BAA7-9F31396610FB}"
EndProject
Project("{9A19103F-16F7-4668-BE54-9A1E7A4F7556}") = "HW.04.Task6", "HW.04.Task6\HW.04.Task6.csproj", "{820ECEA5-F4DB-4BA5-AFBC-58D837DD2372}"
EndProject
Project("{9A19103F-16F7-4668-BE54-9A1E7A4F7556}") = "HW.04.Task7", "HW.04.Task7\HW.04.Task7.csproj", "{E0FD1C26-0A27-4591-A205-7E277081EF1A}"
EndProject
Project("{2150E333-8FDC-42A3-9474-1A3956D46DE8}") = "Documents", "Documents", "{4282FC80-B9C6-4523-80E8-D9526D43FC50}"
	ProjectSection(SolutionItems) = preProject
		C:\Users\likqu\OneDrive\Рабочий стол\dotpeek_Parse_TryParse.png = C:\Users\likqu\OneDrive\Рабочий стол\dotpeek_Parse_TryParse.png
	EndProjectSection
EndProject
Project("{2150E333-8FDC-42A3-9474-1A3956D46DE8}") = "HW.05", "HW.05", "{BC831C80-8AE2-43CB-B67A-9951CC29A7AD}"
EndProject
Project("{9A19103F-16F7-4668-BE54-9A1E7A4F7556}") = "HW.05.Task1", "HW.05.Task1\HW.05.Task1.csproj", "{5B2CE5A8-74A3-479F-9214-90B09C30AC50}"
EndProject
Project("{FAE04EC0-301F-11D3-BF4B-00C04F79EFBC}") = "HW.05.Task2", "HW.05.Task2\HW.05.Task2.csproj", "{54B6AB95-58E3-4CFD-B004-56AAB5D44BE3}"
EndProject
Project("{FAE04EC0-301F-11D3-BF4B-00C04F79EFBC}") = "HW.05.Task3", "HW.05.Task3\HW.05.Task3.csproj", "{C5D78100-2A58-4C1B-8B11-660F8AA4CE7F}"
EndProject
Project("{FAE04EC0-301F-11D3-BF4B-00C04F79EFBC}") = "HW.05.Task4", "HW.05.Task4\HW.05.Task4.csproj", "{44506D34-3D1B-4A06-A471-15AE0D4B512B}"
EndProject
Global
	GlobalSection(SolutionConfigurationPlatforms) = preSolution
		Debug|Any CPU = Debug|Any CPU
		Release|Any CPU = Release|Any CPU
	EndGlobalSection
	GlobalSection(ProjectConfigurationPlatforms) = postSolution
		{31B638E8-2614-46F0-A791-C0CB9ABADCF1}.Debug|Any CPU.ActiveCfg = Debug|Any CPU
		{31B638E8-2614-46F0-A791-C0CB9ABADCF1}.Debug|Any CPU.Build.0 = Debug|Any CPU
		{31B638E8-2614-46F0-A791-C0CB9ABADCF1}.Release|Any CPU.ActiveCfg = Release|Any CPU
		{31B638E8-2614-46F0-A791-C0CB9ABADCF1}.Release|Any CPU.Build.0 = Release|Any CPU
		{750D0062-7B48-41CA-9AB1-BCD62C8B6EF5}.Debug|Any CPU.ActiveCfg = Debug|Any CPU
		{750D0062-7B48-41CA-9AB1-BCD62C8B6EF5}.Debug|Any CPU.Build.0 = Debug|Any CPU
		{750D0062-7B48-41CA-9AB1-BCD62C8B6EF5}.Release|Any CPU.ActiveCfg = Release|Any CPU
		{750D0062-7B48-41CA-9AB1-BCD62C8B6EF5}.Release|Any CPU.Build.0 = Release|Any CPU
		{B7886A7A-1C05-47BA-8E99-3991BCBE1AC8}.Debug|Any CPU.ActiveCfg = Debug|Any CPU
		{B7886A7A-1C05-47BA-8E99-3991BCBE1AC8}.Debug|Any CPU.Build.0 = Debug|Any CPU
		{B7886A7A-1C05-47BA-8E99-3991BCBE1AC8}.Release|Any CPU.ActiveCfg = Release|Any CPU
		{B7886A7A-1C05-47BA-8E99-3991BCBE1AC8}.Release|Any CPU.Build.0 = Release|Any CPU
		{2451E4F3-F666-4A2B-B355-FE0187E10AC5}.Debug|Any CPU.ActiveCfg = Debug|Any CPU
		{2451E4F3-F666-4A2B-B355-FE0187E10AC5}.Debug|Any CPU.Build.0 = Debug|Any CPU
		{2451E4F3-F666-4A2B-B355-FE0187E10AC5}.Release|Any CPU.ActiveCfg = Release|Any CPU
		{2451E4F3-F666-4A2B-B355-FE0187E10AC5}.Release|Any CPU.Build.0 = Release|Any CPU
		{89086F76-7E34-48CD-829A-DE83CCF18DB7}.Debug|Any CPU.ActiveCfg = Debug|Any CPU
		{89086F76-7E34-48CD-829A-DE83CCF18DB7}.Debug|Any CPU.Build.0 = Debug|Any CPU
		{89086F76-7E34-48CD-829A-DE83CCF18DB7}.Release|Any CPU.ActiveCfg = Release|Any CPU
		{89086F76-7E34-48CD-829A-DE83CCF18DB7}.Release|Any CPU.Build.0 = Release|Any CPU
		{32B171C0-ED67-4F6E-AD81-54F7828DA927}.Debug|Any CPU.ActiveCfg = Debug|Any CPU
		{32B171C0-ED67-4F6E-AD81-54F7828DA927}.Debug|Any CPU.Build.0 = Debug|Any CPU
		{32B171C0-ED67-4F6E-AD81-54F7828DA927}.Release|Any CPU.ActiveCfg = Release|Any CPU
		{32B171C0-ED67-4F6E-AD81-54F7828DA927}.Release|Any CPU.Build.0 = Release|Any CPU
		{2D6CF895-D440-4DBB-8324-F7B37A866721}.Debug|Any CPU.ActiveCfg = Debug|Any CPU
		{2D6CF895-D440-4DBB-8324-F7B37A866721}.Debug|Any CPU.Build.0 = Debug|Any CPU
		{2D6CF895-D440-4DBB-8324-F7B37A866721}.Release|Any CPU.ActiveCfg = Release|Any CPU
		{2D6CF895-D440-4DBB-8324-F7B37A866721}.Release|Any CPU.Build.0 = Release|Any CPU
		{2DF4224C-B2FA-4537-BAA7-9F31396610FB}.Debug|Any CPU.ActiveCfg = Debug|Any CPU
		{2DF4224C-B2FA-4537-BAA7-9F31396610FB}.Debug|Any CPU.Build.0 = Debug|Any CPU
		{2DF4224C-B2FA-4537-BAA7-9F31396610FB}.Release|Any CPU.ActiveCfg = Release|Any CPU
		{2DF4224C-B2FA-4537-BAA7-9F31396610FB}.Release|Any CPU.Build.0 = Release|Any CPU
		{820ECEA5-F4DB-4BA5-AFBC-58D837DD2372}.Debug|Any CPU.ActiveCfg = Debug|Any CPU
		{820ECEA5-F4DB-4BA5-AFBC-58D837DD2372}.Debug|Any CPU.Build.0 = Debug|Any CPU
		{820ECEA5-F4DB-4BA5-AFBC-58D837DD2372}.Release|Any CPU.ActiveCfg = Release|Any CPU
		{820ECEA5-F4DB-4BA5-AFBC-58D837DD2372}.Release|Any CPU.Build.0 = Release|Any CPU
		{E0FD1C26-0A27-4591-A205-7E277081EF1A}.Debug|Any CPU.ActiveCfg = Debug|Any CPU
		{E0FD1C26-0A27-4591-A205-7E277081EF1A}.Debug|Any CPU.Build.0 = Debug|Any CPU
		{E0FD1C26-0A27-4591-A205-7E277081EF1A}.Release|Any CPU.ActiveCfg = Release|Any CPU
		{E0FD1C26-0A27-4591-A205-7E277081EF1A}.Release|Any CPU.Build.0 = Release|Any CPU
		{5B2CE5A8-74A3-479F-9214-90B09C30AC50}.Debug|Any CPU.ActiveCfg = Debug|Any CPU
		{5B2CE5A8-74A3-479F-9214-90B09C30AC50}.Debug|Any CPU.Build.0 = Debug|Any CPU
		{5B2CE5A8-74A3-479F-9214-90B09C30AC50}.Release|Any CPU.ActiveCfg = Release|Any CPU
		{5B2CE5A8-74A3-479F-9214-90B09C30AC50}.Release|Any CPU.Build.0 = Release|Any CPU
		{54B6AB95-58E3-4CFD-B004-56AAB5D44BE3}.Debug|Any CPU.ActiveCfg = Debug|Any CPU
		{54B6AB95-58E3-4CFD-B004-56AAB5D44BE3}.Debug|Any CPU.Build.0 = Debug|Any CPU
		{54B6AB95-58E3-4CFD-B004-56AAB5D44BE3}.Release|Any CPU.ActiveCfg = Release|Any CPU
		{54B6AB95-58E3-4CFD-B004-56AAB5D44BE3}.Release|Any CPU.Build.0 = Release|Any CPU
		{C5D78100-2A58-4C1B-8B11-660F8AA4CE7F}.Debug|Any CPU.ActiveCfg = Debug|Any CPU
		{C5D78100-2A58-4C1B-8B11-660F8AA4CE7F}.Debug|Any CPU.Build.0 = Debug|Any CPU
		{C5D78100-2A58-4C1B-8B11-660F8AA4CE7F}.Release|Any CPU.ActiveCfg = Release|Any CPU
		{C5D78100-2A58-4C1B-8B11-660F8AA4CE7F}.Release|Any CPU.Build.0 = Release|Any CPU
		{44506D34-3D1B-4A06-A471-15AE0D4B512B}.Debug|Any CPU.ActiveCfg = Debug|Any CPU
		{44506D34-3D1B-4A06-A471-15AE0D4B512B}.Debug|Any CPU.Build.0 = Debug|Any CPU
		{44506D34-3D1B-4A06-A471-15AE0D4B512B}.Release|Any CPU.ActiveCfg = Release|Any CPU
		{44506D34-3D1B-4A06-A471-15AE0D4B512B}.Release|Any CPU.Build.0 = Release|Any CPU
	EndGlobalSection
	GlobalSection(SolutionProperties) = preSolution
		HideSolutionNode = FALSE
	EndGlobalSection
	GlobalSection(NestedProjects) = preSolution
		{31B638E8-2614-46F0-A791-C0CB9ABADCF1} = {985ADA9E-6106-4D22-965D-93F3244A6A72}
		{750D0062-7B48-41CA-9AB1-BCD62C8B6EF5} = {985ADA9E-6106-4D22-965D-93F3244A6A72}
		{B7886A7A-1C05-47BA-8E99-3991BCBE1AC8} = {985ADA9E-6106-4D22-965D-93F3244A6A72}
		{2451E4F3-F666-4A2B-B355-FE0187E10AC5} = {F14EE373-CD27-448B-B920-8612FB463BA0}
		{89086F76-7E34-48CD-829A-DE83CCF18DB7} = {F14EE373-CD27-448B-B920-8612FB463BA0}
		{32B171C0-ED67-4F6E-AD81-54F7828DA927} = {F14EE373-CD27-448B-B920-8612FB463BA0}
		{2D6CF895-D440-4DBB-8324-F7B37A866721} = {F14EE373-CD27-448B-B920-8612FB463BA0}
		{2DF4224C-B2FA-4537-BAA7-9F31396610FB} = {F14EE373-CD27-448B-B920-8612FB463BA0}
		{820ECEA5-F4DB-4BA5-AFBC-58D837DD2372} = {F14EE373-CD27-448B-B920-8612FB463BA0}
		{E0FD1C26-0A27-4591-A205-7E277081EF1A} = {F14EE373-CD27-448B-B920-8612FB463BA0}
		{4282FC80-B9C6-4523-80E8-D9526D43FC50} = {F14EE373-CD27-448B-B920-8612FB463BA0}
		{5B2CE5A8-74A3-479F-9214-90B09C30AC50} = {BC831C80-8AE2-43CB-B67A-9951CC29A7AD}
		{54B6AB95-58E3-4CFD-B004-56AAB5D44BE3} = {BC831C80-8AE2-43CB-B67A-9951CC29A7AD}
		{C5D78100-2A58-4C1B-8B11-660F8AA4CE7F} = {BC831C80-8AE2-43CB-B67A-9951CC29A7AD}
		{44506D34-3D1B-4A06-A471-15AE0D4B512B} = {BC831C80-8AE2-43CB-B67A-9951CC29A7AD}
	EndGlobalSection
	GlobalSection(ExtensibilityGlobals) = postSolution
		SolutionGuid = {8C7BD1C3-97D6-4B73-A42B-64A0C805031B}
	EndGlobalSection
EndGlobal
